// !$*UTF8*$!
{
	archiveVersion = 1;
	classes = {
	};
	objectVersion = 77;
	objects = {

/* Begin PBXContainerItemProxy section */
		BF57F79C2CE26C720032BAF4 /* PBXContainerItemProxy */ = {
			isa = PBXContainerItemProxy;
			containerPortal = BF57F7832CE26C700032BAF4 /* Project object */;
			proxyType = 1;
			remoteGlobalIDString = BF57F78A2CE26C700032BAF4;
			remoteInfo = CoordinatorSwiftUI;
		};
		BF57F7A62CE26C720032BAF4 /* PBXContainerItemProxy */ = {
			isa = PBXContainerItemProxy;
			containerPortal = BF57F7832CE26C700032BAF4 /* Project object */;
			proxyType = 1;
			remoteGlobalIDString = BF57F78A2CE26C700032BAF4;
			remoteInfo = CoordinatorSwiftUI;
		};
/* End PBXContainerItemProxy section */

/* Begin PBXFileReference section */
		BF57F78B2CE26C700032BAF4 /* CoordinatorSwiftUI.app */ = {isa = PBXFileReference; explicitFileType = wrapper.application; includeInIndex = 0; path = CoordinatorSwiftUI.app; sourceTree = BUILT_PRODUCTS_DIR; };
		BF57F79B2CE26C720032BAF4 /* CoordinatorSwiftUITests.xctest */ = {isa = PBXFileReference; explicitFileType = wrapper.cfbundle; includeInIndex = 0; path = CoordinatorSwiftUITests.xctest; sourceTree = BUILT_PRODUCTS_DIR; };
		BF57F7A52CE26C720032BAF4 /* CoordinatorSwiftUIUITests.xctest */ = {isa = PBXFileReference; explicitFileType = wrapper.cfbundle; includeInIndex = 0; path = CoordinatorSwiftUIUITests.xctest; sourceTree = BUILT_PRODUCTS_DIR; };
/* End PBXFileReference section */

/* Begin PBXFileSystemSynchronizedRootGroup section */
		BF57F78D2CE26C700032BAF4 /* CoordinatorSwiftUI */ = {
			isa = PBXFileSystemSynchronizedRootGroup;
			path = CoordinatorSwiftUI;
			sourceTree = "<group>";
		};
		BF57F79E2CE26C720032BAF4 /* CoordinatorSwiftUITests */ = {
			isa = PBXFileSystemSynchronizedRootGroup;
			path = CoordinatorSwiftUITests;
			sourceTree = "<group>";
		};
		BF57F7A82CE26C720032BAF4 /* CoordinatorSwiftUIUITests */ = {
			isa = PBXFileSystemSynchronizedRootGroup;
			path = CoordinatorSwiftUIUITests;
			sourceTree = "<group>";
		};
/* End PBXFileSystemSynchronizedRootGroup section */

/* Begin PBXFrameworksBuildPhase section */
		BF57F7882CE26C700032BAF4 /* Frameworks */ = {
			isa = PBXFrameworksBuildPhase;
			buildActionMask = 2147483647;
			files = (
			);
			runOnlyForDeploymentPostprocessing = 0;
		};
		BF57F7982CE26C720032BAF4 /* Frameworks */ = {
			isa = PBXFrameworksBuildPhase;
			buildActionMask = 2147483647;
			files = (
			);
			runOnlyForDeploymentPostprocessing = 0;
		};
		BF57F7A22CE26C720032BAF4 /* Frameworks */ = {
			isa = PBXFrameworksBuildPhase;
			buildActionMask = 2147483647;
			files = (
			);
			runOnlyForDeploymentPostprocessing = 0;
		};
/* End PBXFrameworksBuildPhase section */

/* Begin PBXGroup section */
		BF57F7822CE26C700032BAF4 = {
			isa = PBXGroup;
			children = (
				BF57F78D2CE26C700032BAF4 /* CoordinatorSwiftUI */,
				BF57F79E2CE26C720032BAF4 /* CoordinatorSwiftUITests */,
				BF57F7A82CE26C720032BAF4 /* CoordinatorSwiftUIUITests */,
				BF57F78C2CE26C700032BAF4 /* Products */,
			);
			sourceTree = "<group>";
		};
		BF57F78C2CE26C700032BAF4 /* Products */ = {
			isa = PBXGroup;
			children = (
				BF57F78B2CE26C700032BAF4 /* CoordinatorSwiftUI.app */,
				BF57F79B2CE26C720032BAF4 /* CoordinatorSwiftUITests.xctest */,
				BF57F7A52CE26C720032BAF4 /* CoordinatorSwiftUIUITests.xctest */,
			);
			name = Products;
			sourceTree = "<group>";
		};
/* End PBXGroup section */

/* Begin PBXNativeTarget section */
		BF57F78A2CE26C700032BAF4 /* CoordinatorSwiftUI */ = {
			isa = PBXNativeTarget;
			buildConfigurationList = BF57F7AF2CE26C720032BAF4 /* Build configuration list for PBXNativeTarget "CoordinatorSwiftUI" */;
			buildPhases = (
				BF57F7872CE26C700032BAF4 /* Sources */,
				BF57F7882CE26C700032BAF4 /* Frameworks */,
				BF57F7892CE26C700032BAF4 /* Resources */,
			);
			buildRules = (
			);
			dependencies = (
			);
			fileSystemSynchronizedGroups = (
				BF57F78D2CE26C700032BAF4 /* CoordinatorSwiftUI */,
			);
			name = CoordinatorSwiftUI;
			packageProductDependencies = (
			);
			productName = CoordinatorSwiftUI;
			productReference = BF57F78B2CE26C700032BAF4 /* CoordinatorSwiftUI.app */;
			productType = "com.apple.product-type.application";
		};
		BF57F79A2CE26C720032BAF4 /* CoordinatorSwiftUITests */ = {
			isa = PBXNativeTarget;
			buildConfigurationList = BF57F7B22CE26C720032BAF4 /* Build configuration list for PBXNativeTarget "CoordinatorSwiftUITests" */;
			buildPhases = (
				BF57F7972CE26C720032BAF4 /* Sources */,
				BF57F7982CE26C720032BAF4 /* Frameworks */,
				BF57F7992CE26C720032BAF4 /* Resources */,
			);
			buildRules = (
			);
			dependencies = (
				BF57F79D2CE26C720032BAF4 /* PBXTargetDependency */,
			);
			fileSystemSynchronizedGroups = (
				BF57F79E2CE26C720032BAF4 /* CoordinatorSwiftUITests */,
			);
			name = CoordinatorSwiftUITests;
			packageProductDependencies = (
			);
			productName = CoordinatorSwiftUITests;
			productReference = BF57F79B2CE26C720032BAF4 /* CoordinatorSwiftUITests.xctest */;
			productType = "com.apple.product-type.bundle.unit-test";
		};
		BF57F7A42CE26C720032BAF4 /* CoordinatorSwiftUIUITests */ = {
			isa = PBXNativeTarget;
			buildConfigurationList = BF57F7B52CE26C720032BAF4 /* Build configuration list for PBXNativeTarget "CoordinatorSwiftUIUITests" */;
			buildPhases = (
				BF57F7A12CE26C720032BAF4 /* Sources */,
				BF57F7A22CE26C720032BAF4 /* Frameworks */,
				BF57F7A32CE26C720032BAF4 /* Resources */,
			);
			buildRules = (
			);
			dependencies = (
				BF57F7A72CE26C720032BAF4 /* PBXTargetDependency */,
			);
			fileSystemSynchronizedGroups = (
				BF57F7A82CE26C720032BAF4 /* CoordinatorSwiftUIUITests */,
			);
			name = CoordinatorSwiftUIUITests;
			packageProductDependencies = (
			);
			productName = CoordinatorSwiftUIUITests;
			productReference = BF57F7A52CE26C720032BAF4 /* CoordinatorSwiftUIUITests.xctest */;
			productType = "com.apple.product-type.bundle.ui-testing";
		};
/* End PBXNativeTarget section */

/* Begin PBXProject section */
		BF57F7832CE26C700032BAF4 /* Project object */ = {
			isa = PBXProject;
			attributes = {
				BuildIndependentTargetsInParallel = 1;
				LastSwiftUpdateCheck = 1610;
				LastUpgradeCheck = 1610;
				TargetAttributes = {
					BF57F78A2CE26C700032BAF4 = {
						CreatedOnToolsVersion = 16.1;
					};
					BF57F79A2CE26C720032BAF4 = {
						CreatedOnToolsVersion = 16.1;
						TestTargetID = BF57F78A2CE26C700032BAF4;
					};
					BF57F7A42CE26C720032BAF4 = {
						CreatedOnToolsVersion = 16.1;
						TestTargetID = BF57F78A2CE26C700032BAF4;
					};
				};
			};
			buildConfigurationList = BF57F7862CE26C700032BAF4 /* Build configuration list for PBXProject "CoordinatorSwiftUI" */;
			developmentRegion = en;
			hasScannedForEncodings = 0;
			knownRegions = (
				en,
				Base,
			);
			mainGroup = BF57F7822CE26C700032BAF4;
			minimizedProjectReferenceProxies = 1;
			preferredProjectObjectVersion = 77;
			productRefGroup = BF57F78C2CE26C700032BAF4 /* Products */;
			projectDirPath = "";
			projectRoot = "";
			targets = (
				BF57F78A2CE26C700032BAF4 /* CoordinatorSwiftUI */,
				BF57F79A2CE26C720032BAF4 /* CoordinatorSwiftUITests */,
				BF57F7A42CE26C720032BAF4 /* CoordinatorSwiftUIUITests */,
			);
		};
/* End PBXProject section */

/* Begin PBXResourcesBuildPhase section */
		BF57F7892CE26C700032BAF4 /* Resources */ = {
			isa = PBXResourcesBuildPhase;
			buildActionMask = 2147483647;
			files = (
			);
			runOnlyForDeploymentPostprocessing = 0;
		};
		BF57F7992CE26C720032BAF4 /* Resources */ = {
			isa = PBXResourcesBuildPhase;
			buildActionMask = 2147483647;
			files = (
			);
			runOnlyForDeploymentPostprocessing = 0;
		};
		BF57F7A32CE26C720032BAF4 /* Resources */ = {
			isa = PBXResourcesBuildPhase;
			buildActionMask = 2147483647;
			files = (
			);
			runOnlyForDeploymentPostprocessing = 0;
		};
/* End PBXResourcesBuildPhase section */

/* Begin PBXSourcesBuildPhase section */
		BF57F7872CE26C700032BAF4 /* Sources */ = {
			isa = PBXSourcesBuildPhase;
			buildActionMask = 2147483647;
			files = (
			);
			runOnlyForDeploymentPostprocessing = 0;
		};
		BF57F7972CE26C720032BAF4 /* Sources */ = {
			isa = PBXSourcesBuildPhase;
			buildActionMask = 2147483647;
			files = (
			);
			runOnlyForDeploymentPostprocessing = 0;
		};
		BF57F7A12CE26C720032BAF4 /* Sources */ = {
			isa = PBXSourcesBuildPhase;
			buildActionMask = 2147483647;
			files = (
			);
			runOnlyForDeploymentPostprocessing = 0;
		};
/* End PBXSourcesBuildPhase section */

/* Begin PBXTargetDependency section */
		BF57F79D2CE26C720032BAF4 /* PBXTargetDependency */ = {
			isa = PBXTargetDependency;
			target = BF57F78A2CE26C700032BAF4 /* CoordinatorSwiftUI */;
			targetProxy = BF57F79C2CE26C720032BAF4 /* PBXContainerItemProxy */;
		};
		BF57F7A72CE26C720032BAF4 /* PBXTargetDependency */ = {
			isa = PBXTargetDependency;
			target = BF57F78A2CE26C700032BAF4 /* CoordinatorSwiftUI */;
			targetProxy = BF57F7A62CE26C720032BAF4 /* PBXContainerItemProxy */;
		};
/* End PBXTargetDependency section */

/* Begin XCBuildConfiguration section */
		BF57F7AD2CE26C720032BAF4 /* Debug */ = {
			isa = XCBuildConfiguration;
			buildSettings = {
				ALWAYS_SEARCH_USER_PATHS = NO;
				ASSETCATALOG_COMPILER_GENERATE_SWIFT_ASSET_SYMBOL_EXTENSIONS = YES;
				CLANG_ANALYZER_NONNULL = YES;
				CLANG_ANALYZER_NUMBER_OBJECT_CONVERSION = YES_AGGRESSIVE;
				CLANG_CXX_LANGUAGE_STANDARD = "gnu++20";
				CLANG_ENABLE_MODULES = YES;
				CLANG_ENABLE_OBJC_ARC = YES;
				CLANG_ENABLE_OBJC_WEAK = YES;
				CLANG_WARN_BLOCK_CAPTURE_AUTORELEASING = YES;
				CLANG_WARN_BOOL_CONVERSION = YES;
				CLANG_WARN_COMMA = YES;
				CLANG_WARN_CONSTANT_CONVERSION = YES;
				CLANG_WARN_DEPRECATED_OBJC_IMPLEMENTATIONS = YES;
				CLANG_WARN_DIRECT_OBJC_ISA_USAGE = YES_ERROR;
				CLANG_WARN_DOCUMENTATION_COMMENTS = YES;
				CLANG_WARN_EMPTY_BODY = YES;
				CLANG_WARN_ENUM_CONVERSION = YES;
				CLANG_WARN_INFINITE_RECURSION = YES;
				CLANG_WARN_INT_CONVERSION = YES;
				CLANG_WARN_NON_LITERAL_NULL_CONVERSION = YES;
				CLANG_WARN_OBJC_IMPLICIT_RETAIN_SELF = YES;
				CLANG_WARN_OBJC_LITERAL_CONVERSION = YES;
				CLANG_WARN_OBJC_ROOT_CLASS = YES_ERROR;
				CLANG_WARN_QUOTED_INCLUDE_IN_FRAMEWORK_HEADER = YES;
				CLANG_WARN_RANGE_LOOP_ANALYSIS = YES;
				CLANG_WARN_STRICT_PROTOTYPES = YES;
				CLANG_WARN_SUSPICIOUS_MOVE = YES;
				CLANG_WARN_UNGUARDED_AVAILABILITY = YES_AGGRESSIVE;
				CLANG_WARN_UNREACHABLE_CODE = YES;
				CLANG_WARN__DUPLICATE_METHOD_MATCH = YES;
				COPY_PHASE_STRIP = NO;
				DEBUG_INFORMATION_FORMAT = dwarf;
				ENABLE_STRICT_OBJC_MSGSEND = YES;
				ENABLE_TESTABILITY = YES;
				ENABLE_USER_SCRIPT_SANDBOXING = YES;
				GCC_C_LANGUAGE_STANDARD = gnu17;
				GCC_DYNAMIC_NO_PIC = NO;
				GCC_NO_COMMON_BLOCKS = YES;
				GCC_OPTIMIZATION_LEVEL = 0;
				GCC_PREPROCESSOR_DEFINITIONS = (
					"DEBUG=1",
					"$(inherited)",
				);
				GCC_WARN_64_TO_32_BIT_CONVERSION = YES;
				GCC_WARN_ABOUT_RETURN_TYPE = YES_ERROR;
				GCC_WARN_UNDECLARED_SELECTOR = YES;
				GCC_WARN_UNINITIALIZED_AUTOS = YES_AGGRESSIVE;
				GCC_WARN_UNUSED_FUNCTION = YES;
				GCC_WARN_UNUSED_VARIABLE = YES;
				IPHONEOS_DEPLOYMENT_TARGET = 18.1;
				LOCALIZATION_PREFERS_STRING_CATALOGS = YES;
				MTL_ENABLE_DEBUG_INFO = INCLUDE_SOURCE;
				MTL_FAST_MATH = YES;
				ONLY_ACTIVE_ARCH = YES;
				SDKROOT = iphoneos;
				SWIFT_ACTIVE_COMPILATION_CONDITIONS = "DEBUG $(inherited)";
				SWIFT_OPTIMIZATION_LEVEL = "-Onone";
			};
			name = Debug;
		};
		BF57F7AE2CE26C720032BAF4 /* Release */ = {
			isa = XCBuildConfiguration;
			buildSettings = {
				ALWAYS_SEARCH_USER_PATHS = NO;
				ASSETCATALOG_COMPILER_GENERATE_SWIFT_ASSET_SYMBOL_EXTENSIONS = YES;
				CLANG_ANALYZER_NONNULL = YES;
				CLANG_ANALYZER_NUMBER_OBJECT_CONVERSION = YES_AGGRESSIVE;
				CLANG_CXX_LANGUAGE_STANDARD = "gnu++20";
				CLANG_ENABLE_MODULES = YES;
				CLANG_ENABLE_OBJC_ARC = YES;
				CLANG_ENABLE_OBJC_WEAK = YES;
				CLANG_WARN_BLOCK_CAPTURE_AUTORELEASING = YES;
				CLANG_WARN_BOOL_CONVERSION = YES;
				CLANG_WARN_COMMA = YES;
				CLANG_WARN_CONSTANT_CONVERSION = YES;
				CLANG_WARN_DEPRECATED_OBJC_IMPLEMENTATIONS = YES;
				CLANG_WARN_DIRECT_OBJC_ISA_USAGE = YES_ERROR;
				CLANG_WARN_DOCUMENTATION_COMMENTS = YES;
				CLANG_WARN_EMPTY_BODY = YES;
				CLANG_WARN_ENUM_CONVERSION = YES;
				CLANG_WARN_INFINITE_RECURSION = YES;
				CLANG_WARN_INT_CONVERSION = YES;
				CLANG_WARN_NON_LITERAL_NULL_CONVERSION = YES;
				CLANG_WARN_OBJC_IMPLICIT_RETAIN_SELF = YES;
				CLANG_WARN_OBJC_LITERAL_CONVERSION = YES;
				CLANG_WARN_OBJC_ROOT_CLASS = YES_ERROR;
				CLANG_WARN_QUOTED_INCLUDE_IN_FRAMEWORK_HEADER = YES;
				CLANG_WARN_RANGE_LOOP_ANALYSIS = YES;
				CLANG_WARN_STRICT_PROTOTYPES = YES;
				CLANG_WARN_SUSPICIOUS_MOVE = YES;
				CLANG_WARN_UNGUARDED_AVAILABILITY = YES_AGGRESSIVE;
				CLANG_WARN_UNREACHABLE_CODE = YES;
				CLANG_WARN__DUPLICATE_METHOD_MATCH = YES;
				COPY_PHASE_STRIP = NO;
				DEBUG_INFORMATION_FORMAT = "dwarf-with-dsym";
				ENABLE_NS_ASSERTIONS = NO;
				ENABLE_STRICT_OBJC_MSGSEND = YES;
				ENABLE_USER_SCRIPT_SANDBOXING = YES;
				GCC_C_LANGUAGE_STANDARD = gnu17;
				GCC_NO_COMMON_BLOCKS = YES;
				GCC_WARN_64_TO_32_BIT_CONVERSION = YES;
				GCC_WARN_ABOUT_RETURN_TYPE = YES_ERROR;
				GCC_WARN_UNDECLARED_SELECTOR = YES;
				GCC_WARN_UNINITIALIZED_AUTOS = YES_AGGRESSIVE;
				GCC_WARN_UNUSED_FUNCTION = YES;
				GCC_WARN_UNUSED_VARIABLE = YES;
				IPHONEOS_DEPLOYMENT_TARGET = 18.1;
				LOCALIZATION_PREFERS_STRING_CATALOGS = YES;
				MTL_ENABLE_DEBUG_INFO = NO;
				MTL_FAST_MATH = YES;
				SDKROOT = iphoneos;
				SWIFT_COMPILATION_MODE = wholemodule;
				VALIDATE_PRODUCT = YES;
			};
			name = Release;
		};
		BF57F7B02CE26C720032BAF4 /* Debug */ = {
			isa = XCBuildConfiguration;
			buildSettings = {
				ASSETCATALOG_COMPILER_APPICON_NAME = AppIcon;
				ASSETCATALOG_COMPILER_GLOBAL_ACCENT_COLOR_NAME = AccentColor;
				CODE_SIGN_STYLE = Automatic;
				CURRENT_PROJECT_VERSION = 1;
				DEVELOPMENT_ASSET_PATHS = "\"CoordinatorSwiftUI/Preview Content\"";
				DEVELOPMENT_TEAM = 9RN254RQSB;
				ENABLE_PREVIEWS = YES;
				GENERATE_INFOPLIST_FILE = YES;
				INFOPLIST_KEY_UIApplicationSceneManifest_Generation = YES;
				INFOPLIST_KEY_UIApplicationSupportsIndirectInputEvents = YES;
				INFOPLIST_KEY_UILaunchScreen_Generation = YES;
				INFOPLIST_KEY_UISupportedInterfaceOrientations_iPad = "UIInterfaceOrientationPortrait UIInterfaceOrientationPortraitUpsideDown UIInterfaceOrientationLandscapeLeft UIInterfaceOrientationLandscapeRight";
				INFOPLIST_KEY_UISupportedInterfaceOrientations_iPhone = "UIInterfaceOrientationPortrait UIInterfaceOrientationLandscapeLeft UIInterfaceOrientationLandscapeRight";
				LD_RUNPATH_SEARCH_PATHS = (
					"$(inherited)",
					"@executable_path/Frameworks",
				);
				MARKETING_VERSION = 1.0;
				PRODUCT_BUNDLE_IDENTIFIER = danielteodoro.CoordinatorSwiftUI;
				PRODUCT_NAME = "$(TARGET_NAME)";
				SWIFT_EMIT_LOC_STRINGS = YES;
				SWIFT_VERSION = 5.0;
				TARGETED_DEVICE_FAMILY = "1,2";
			};
			name = Debug;
		};
		BF57F7B12CE26C720032BAF4 /* Release */ = {
			isa = XCBuildConfiguration;
			buildSettings = {
				ASSETCATALOG_COMPILER_APPICON_NAME = AppIcon;
				ASSETCATALOG_COMPILER_GLOBAL_ACCENT_COLOR_NAME = AccentColor;
				CODE_SIGN_STYLE = Automatic;
				CURRENT_PROJECT_VERSION = 1;
				DEVELOPMENT_ASSET_PATHS = "\"CoordinatorSwiftUI/Preview Content\"";
				DEVELOPMENT_TEAM = 9RN254RQSB;
				ENABLE_PREVIEWS = YES;
				GENERATE_INFOPLIST_FILE = YES;
				INFOPLIST_KEY_UIApplicationSceneManifest_Generation = YES;
				INFOPLIST_KEY_UIApplicationSupportsIndirectInputEvents = YES;
				INFOPLIST_KEY_UILaunchScreen_Generation = YES;
				INFOPLIST_KEY_UISupportedInterfaceOrientations_iPad = "UIInterfaceOrientationPortrait UIInterfaceOrientationPortraitUpsideDown UIInterfaceOrientationLandscapeLeft UIInterfaceOrientationLandscapeRight";
				INFOPLIST_KEY_UISupportedInterfaceOrientations_iPhone = "UIInterfaceOrientationPortrait UIInterfaceOrientationLandscapeLeft UIInterfaceOrientationLandscapeRight";
				LD_RUNPATH_SEARCH_PATHS = (
					"$(inherited)",
					"@executable_path/Frameworks",
				);
				MARKETING_VERSION = 1.0;
				PRODUCT_BUNDLE_IDENTIFIER = danielteodoro.CoordinatorSwiftUI;
				PRODUCT_NAME = "$(TARGET_NAME)";
				SWIFT_EMIT_LOC_STRINGS = YES;
				SWIFT_VERSION = 5.0;
				TARGETED_DEVICE_FAMILY = "1,2";
			};
			name = Release;
		};
		BF57F7B32CE26C720032BAF4 /* Debug */ = {
			isa = XCBuildConfiguration;
			buildSettings = {
				BUNDLE_LOADER = "$(TEST_HOST)";
				CODE_SIGN_STYLE = Automatic;
				CURRENT_PROJECT_VERSION = 1;
				DEVELOPMENT_TEAM = 9RN254RQSB;
				GENERATE_INFOPLIST_FILE = YES;
				IPHONEOS_DEPLOYMENT_TARGET = 18.1;
				MARKETING_VERSION = 1.0;
				PRODUCT_BUNDLE_IDENTIFIER = danielteodoro.CoordinatorSwiftUITests;
				PRODUCT_NAME = "$(TARGET_NAME)";
				SWIFT_EMIT_LOC_STRINGS = NO;
				SWIFT_VERSION = 5.0;
				TARGETED_DEVICE_FAMILY = "1,2";
				TEST_HOST = "$(BUILT_PRODUCTS_DIR)/CoordinatorSwiftUI.app/$(BUNDLE_EXECUTABLE_FOLDER_PATH)/CoordinatorSwiftUI";
			};
			name = Debug;
		};
		BF57F7B42CE26C720032BAF4 /* Release */ = {
			isa = XCBuildConfiguration;
			buildSettings = {
				BUNDLE_LOADER = "$(TEST_HOST)";
				CODE_SIGN_STYLE = Automatic;
				CURRENT_PROJECT_VERSION = 1;
				DEVELOPMENT_TEAM = 9RN254RQSB;
				GENERATE_INFOPLIST_FILE = YES;
				IPHONEOS_DEPLOYMENT_TARGET = 18.1;
				MARKETING_VERSION = 1.0;
				PRODUCT_BUNDLE_IDENTIFIER = danielteodoro.CoordinatorSwiftUITests;
				PRODUCT_NAME = "$(TARGET_NAME)";
				SWIFT_EMIT_LOC_STRINGS = NO;
				SWIFT_VERSION = 5.0;
				TARGETED_DEVICE_FAMILY = "1,2";
				TEST_HOST = "$(BUILT_PRODUCTS_DIR)/CoordinatorSwiftUI.app/$(BUNDLE_EXECUTABLE_FOLDER_PATH)/CoordinatorSwiftUI";
			};
			name = Release;
		};
		BF57F7B62CE26C720032BAF4 /* Debug */ = {
			isa = XCBuildConfiguration;
			buildSettings = {
				CODE_SIGN_STYLE = Automatic;
				CURRENT_PROJECT_VERSION = 1;
				DEVELOPMENT_TEAM = 9RN254RQSB;
				GENERATE_INFOPLIST_FILE = YES;
				MARKETING_VERSION = 1.0;
				PRODUCT_BUNDLE_IDENTIFIER = danielteodoro.CoordinatorSwiftUIUITests;
				PRODUCT_NAME = "$(TARGET_NAME)";
				SWIFT_EMIT_LOC_STRINGS = NO;
				SWIFT_VERSION = 5.0;
				TARGETED_DEVICE_FAMILY = "1,2";
				TEST_TARGET_NAME = CoordinatorSwiftUI;
			};
			name = Debug;
		};
		BF57F7B72CE26C720032BAF4 /* Release */ = {
			isa = XCBuildConfiguration;
			buildSettings = {
				CODE_SIGN_STYLE = Automatic;
				CURRENT_PROJECT_VERSION = 1;
				DEVELOPMENT_TEAM = 9RN254RQSB;
				GENERATE_INFOPLIST_FILE = YES;
				MARKETING_VERSION = 1.0;
				PRODUCT_BUNDLE_IDENTIFIER = danielteodoro.CoordinatorSwiftUIUITests;
				PRODUCT_NAME = "$(TARGET_NAME)";
				SWIFT_EMIT_LOC_STRINGS = NO;
				SWIFT_VERSION = 5.0;
				TARGETED_DEVICE_FAMILY = "1,2";
				TEST_TARGET_NAME = CoordinatorSwiftUI;
			};
			name = Release;
		};
/* End XCBuildConfiguration section */

/* Begin XCConfigurationList section */
		BF57F7862CE26C700032BAF4 /* Build configuration list for PBXProject "CoordinatorSwiftUI" */ = {
			isa = XCConfigurationList;
			buildConfigurations = (
				BF57F7AD2CE26C720032BAF4 /* Debug */,
				BF57F7AE2CE26C720032BAF4 /* Release */,
			);
			defaultConfigurationIsVisible = 0;
			defaultConfigurationName = Release;
		};
		BF57F7AF2CE26C720032BAF4 /* Build configuration list for PBXNativeTarget "CoordinatorSwiftUI" */ = {
			isa = XCConfigurationList;
			buildConfigurations = (
				BF57F7B02CE26C720032BAF4 /* Debug */,
				BF57F7B12CE26C720032BAF4 /* Release */,
			);
			defaultConfigurationIsVisible = 0;
			defaultConfigurationName = Release;
		};
		BF57F7B22CE26C720032BAF4 /* Build configuration list for PBXNativeTarget "CoordinatorSwiftUITests" */ = {
			isa = XCConfigurationList;
			buildConfigurations = (
				BF57F7B32CE26C720032BAF4 /* Debug */,
				BF57F7B42CE26C720032BAF4 /* Release */,
			);
			defaultConfigurationIsVisible = 0;
			defaultConfigurationName = Release;
		};
		BF57F7B52CE26C720032BAF4 /* Build configuration list for PBXNativeTarget "CoordinatorSwiftUIUITests" */ = {
			isa = XCConfigurationList;
			buildConfigurations = (
				BF57F7B62CE26C720032BAF4 /* Debug */,
				BF57F7B72CE26C720032BAF4 /* Release */,
			);
			defaultConfigurationIsVisible = 0;
			defaultConfigurationName = Release;
		};
/* End XCConfigurationList section */
	};
	rootObject = BF57F7832CE26C700032BAF4 /* Project object */;
}
